
Microsoft Visual Studio Solution File, Format Version 12.00
# Visual Studio Version 17
VisualStudioVersion = 17.4.33213.308
MinimumVisualStudioVersion = 10.0.40219.1
Project("{FAE04EC0-301F-11D3-BF4B-00C04F79EFBC}") = "Deliverable4", "Deliverable4\Deliverable4.csproj", "{39285211-E549-438B-90DC-5F0242DEBB3C}"
EndProject
Global
	GlobalSection(SolutionConfigurationPlatforms) = preSolution
		Debug|Any CPU = Debug|Any CPU
		Release|Any CPU = Release|Any CPU
	EndGlobalSection
	GlobalSection(ProjectConfigurationPlatforms) = postSolution
		{39285211-E549-438B-90DC-5F0242DEBB3C}.Debug|Any CPU.ActiveCfg = Debug|Any CPU
		{39285211-E549-438B-90DC-5F0242DEBB3C}.Debug|Any CPU.Build.0 = Debug|Any CPU
		{39285211-E549-438B-90DC-5F0242DEBB3C}.Release|Any CPU.ActiveCfg = Release|Any CPU
		{39285211-E549-438B-90DC-5F0242DEBB3C}.Release|Any CPU.Build.0 = Release|Any CPU
	EndGlobalSection
	GlobalSection(SolutionProperties) = preSolution
		HideSolutionNode = FALSE
	EndGlobalSection
	GlobalSection(ExtensibilityGlobals) = postSolution
		SolutionGuid = {95189932-F682-4746-9646-9C28D5D303A8}
	EndGlobalSection
EndGlobal
